
Microsoft Visual Studio Solution File, Format Version 12.00
# Visual Studio Version 17
VisualStudioVersion = 17.5.002.0
MinimumVisualStudioVersion = 10.0.40219.1
Project("{9A19103F-16F7-4668-BE54-9A1E7A4F7556}") = "JetstreamService", "JetstreamService.csproj", "{29936516-EA2B-4579-BD7B-22C540E38DCC}"
EndProject
Global
	GlobalSection(SolutionConfigurationPlatforms) = preSolution
		Debug|Any CPU = Debug|Any CPU
		Release|Any CPU = Release|Any CPU
	EndGlobalSection
	GlobalSection(ProjectConfigurationPlatforms) = postSolution
		{29936516-EA2B-4579-BD7B-22C540E38DCC}.Debug|Any CPU.ActiveCfg = Debug|Any CPU
		{29936516-EA2B-4579-BD7B-22C540E38DCC}.Debug|Any CPU.Build.0 = Debug|Any CPU
		{29936516-EA2B-4579-BD7B-22C540E38DCC}.Release|Any CPU.ActiveCfg = Release|Any CPU
		{29936516-EA2B-4579-BD7B-22C540E38DCC}.Release|Any CPU.Build.0 = Release|Any CPU
	EndGlobalSection
	GlobalSection(SolutionProperties) = preSolution
		HideSolutionNode = FALSE
	EndGlobalSection
	GlobalSection(ExtensibilityGlobals) = postSolution
		SolutionGuid = {2014A4AD-ADC9-4F59-A4B9-537C390469C3}
	EndGlobalSection
EndGlobal
