
Microsoft Visual Studio Solution File, Format Version 12.00
# Visual Studio Version 17
VisualStudioVersion = 17.7.34221.43
MinimumVisualStudioVersion = 10.0.40219.1
Project("{FAE04EC0-301F-11D3-BF4B-00C04F79EFBC}") = "DockerLearning", "DockerLearning\DockerLearning.csproj", "{8958B368-E7F0-4FCC-8A3E-F0157ACD587B}"
EndProject
Global
	GlobalSection(SolutionConfigurationPlatforms) = preSolution
		Debug|Any CPU = Debug|Any CPU
		Release|Any CPU = Release|Any CPU
	EndGlobalSection
	GlobalSection(ProjectConfigurationPlatforms) = postSolution
		{8958B368-E7F0-4FCC-8A3E-F0157ACD587B}.Debug|Any CPU.ActiveCfg = Debug|Any CPU
		{8958B368-E7F0-4FCC-8A3E-F0157ACD587B}.Debug|Any CPU.Build.0 = Debug|Any CPU
		{8958B368-E7F0-4FCC-8A3E-F0157ACD587B}.Release|Any CPU.ActiveCfg = Release|Any CPU
		{8958B368-E7F0-4FCC-8A3E-F0157ACD587B}.Release|Any CPU.Build.0 = Release|Any CPU
	EndGlobalSection
	GlobalSection(SolutionProperties) = preSolution
		HideSolutionNode = FALSE
	EndGlobalSection
	GlobalSection(ExtensibilityGlobals) = postSolution
		SolutionGuid = {E08394D2-506D-405D-B170-38715DC0E99D}
	EndGlobalSection
EndGlobal
