
Microsoft Visual Studio Solution File, Format Version 12.00
# Visual Studio Version 17
VisualStudioVersion = 17.7.34221.43
MinimumVisualStudioVersion = 10.0.40219.1
Project("{9A19103F-16F7-4668-BE54-9A1E7A4F7556}") = "EFCoreCodeFirst", "EFCoreCodeFirst.csproj", "{C76DD27D-E2A1-46D2-A844-C32C7D6E9F1C}"
EndProject
Global
	GlobalSection(SolutionConfigurationPlatforms) = preSolution
		Debug|Any CPU = Debug|Any CPU
		Release|Any CPU = Release|Any CPU
	EndGlobalSection
	GlobalSection(ProjectConfigurationPlatforms) = postSolution
		{C76DD27D-E2A1-46D2-A844-C32C7D6E9F1C}.Debug|Any CPU.ActiveCfg = Debug|Any CPU
		{C76DD27D-E2A1-46D2-A844-C32C7D6E9F1C}.Debug|Any CPU.Build.0 = Debug|Any CPU
		{C76DD27D-E2A1-46D2-A844-C32C7D6E9F1C}.Release|Any CPU.ActiveCfg = Release|Any CPU
		{C76DD27D-E2A1-46D2-A844-C32C7D6E9F1C}.Release|Any CPU.Build.0 = Release|Any CPU
	EndGlobalSection
	GlobalSection(SolutionProperties) = preSolution
		HideSolutionNode = FALSE
	EndGlobalSection
	GlobalSection(ExtensibilityGlobals) = postSolution
		SolutionGuid = {338867FD-61C7-4B7E-85A2-7578B9876DED}
	EndGlobalSection
EndGlobal
