
Microsoft Visual Studio Solution File, Format Version 12.00
# Visual Studio Version 17
VisualStudioVersion = 17.7.34221.43
MinimumVisualStudioVersion = 10.0.40219.1
Project("{FAE04EC0-301F-11D3-BF4B-00C04F79EFBC}") = "EFCoreDbFirst", "EFCoreDbFirst.csproj", "{ECA28B92-29A6-42A7-A95D-7F181FE093E8}"
EndProject
Global
	GlobalSection(SolutionConfigurationPlatforms) = preSolution
		Debug|Any CPU = Debug|Any CPU
		Release|Any CPU = Release|Any CPU
	EndGlobalSection
	GlobalSection(ProjectConfigurationPlatforms) = postSolution
		{ECA28B92-29A6-42A7-A95D-7F181FE093E8}.Debug|Any CPU.ActiveCfg = Debug|Any CPU
		{ECA28B92-29A6-42A7-A95D-7F181FE093E8}.Debug|Any CPU.Build.0 = Debug|Any CPU
		{ECA28B92-29A6-42A7-A95D-7F181FE093E8}.Release|Any CPU.ActiveCfg = Release|Any CPU
		{ECA28B92-29A6-42A7-A95D-7F181FE093E8}.Release|Any CPU.Build.0 = Release|Any CPU
	EndGlobalSection
	GlobalSection(SolutionProperties) = preSolution
		HideSolutionNode = FALSE
	EndGlobalSection
	GlobalSection(ExtensibilityGlobals) = postSolution
		SolutionGuid = {03BB982B-30DB-4ABE-8CC4-D8A604C6EA31}
	EndGlobalSection
EndGlobal
